
Microsoft Visual Studio Solution File, Format Version 12.00
# Visual Studio Version 17
VisualStudioVersion = 17.10.34928.147
MinimumVisualStudioVersion = 10.0.40219.1
Project("{9A19103F-16F7-4668-BE54-9A1E7A4F7556}") = "DotnetAPI", "WebAPI\DotnetAPI.csproj", "{46D7DE5E-DC1B-44DD-968E-91F3FFC7A89A}"
EndProject
Global
	GlobalSection(SolutionConfigurationPlatforms) = preSolution
		Debug|Any CPU = Debug|Any CPU
		Release|Any CPU = Release|Any CPU
	EndGlobalSection
	GlobalSection(ProjectConfigurationPlatforms) = postSolution
		{46D7DE5E-DC1B-44DD-968E-91F3FFC7A89A}.Debug|Any CPU.ActiveCfg = Debug|Any CPU
		{46D7DE5E-DC1B-44DD-968E-91F3FFC7A89A}.Debug|Any CPU.Build.0 = Debug|Any CPU
		{46D7DE5E-DC1B-44DD-968E-91F3FFC7A89A}.Release|Any CPU.ActiveCfg = Release|Any CPU
		{46D7DE5E-DC1B-44DD-968E-91F3FFC7A89A}.Release|Any CPU.Build.0 = Release|Any CPU
	EndGlobalSection
	GlobalSection(SolutionProperties) = preSolution
		HideSolutionNode = FALSE
	EndGlobalSection
	GlobalSection(ExtensibilityGlobals) = postSolution
		SolutionGuid = {F8A6A9A0-80A7-4768-8667-92F99F388228}
	EndGlobalSection
EndGlobal
